
Microsoft Visual Studio Solution File, Format Version 12.00
# Visual Studio Version 17
VisualStudioVersion = 17.10.35013.160
MinimumVisualStudioVersion = 10.0.40219.1
Project("{2150E333-8FDC-42A3-9474-1A3956D46DE8}") = "src", "src", "{574CC14C-C12A-4EE6-B870-DB3EEDEDBE73}"
EndProject
Project("{9A19103F-16F7-4668-BE54-9A1E7A4F7556}") = "Api", "src\Api\Api.csproj", "{87822812-9F9E-44B3-A4CF-696AE831F755}"
EndProject
Project("{FAE04EC0-301F-11D3-BF4B-00C04F79EFBC}") = "Application", "src\Application\Application.csproj", "{A40018A0-B3D8-4EA2-9AC7-A35D66BF0682}"
EndProject
Project("{9A19103F-16F7-4668-BE54-9A1E7A4F7556}") = "Domain", "src\Domain\Domain.csproj", "{8CCFCA35-240F-4A06-B764-C51BF8D7BEEF}"
EndProject
Project("{2150E333-8FDC-42A3-9474-1A3956D46DE8}") = "test", "test", "{DB457BBB-9AC0-4897-AEF3-7D5BA2CC84F8}"
EndProject
Project("{FAE04EC0-301F-11D3-BF4B-00C04F79EFBC}") = "Infrastructure", "src\Infrastructure\Infrastructure.csproj", "{B68A51FC-A25D-41AE-AB31-800315D4B880}"
EndProject
Project("{9A19103F-16F7-4668-BE54-9A1E7A4F7556}") = "Domain.Test", "test\Domain.Test\Domain.Test.csproj", "{8762C01A-8AE2-458D-B427-384B929422A5}"
EndProject
Project("{FAE04EC0-301F-11D3-BF4B-00C04F79EFBC}") = "Infrastructure.Test", "test\Infrastructure.Test\Infrastructure.Test.csproj", "{4CDCC3C2-D421-D343-B144-FEA3B183836F}"
EndProject
Project("{FAE04EC0-301F-11D3-BF4B-00C04F79EFBC}") = "Application.Test", "test\Application.Test\Application.Test.csproj", "{727BB7E1-0B42-1E42-0C2E-C290C1692B68}"
EndProject
Global
	GlobalSection(SolutionConfigurationPlatforms) = preSolution
		Debug|Any CPU = Debug|Any CPU
		Release|Any CPU = Release|Any CPU
	EndGlobalSection
	GlobalSection(ProjectConfigurationPlatforms) = postSolution
		{87822812-9F9E-44B3-A4CF-696AE831F755}.Debug|Any CPU.ActiveCfg = Debug|Any CPU
		{87822812-9F9E-44B3-A4CF-696AE831F755}.Debug|Any CPU.Build.0 = Debug|Any CPU
		{87822812-9F9E-44B3-A4CF-696AE831F755}.Release|Any CPU.ActiveCfg = Release|Any CPU
		{87822812-9F9E-44B3-A4CF-696AE831F755}.Release|Any CPU.Build.0 = Release|Any CPU
		{A40018A0-B3D8-4EA2-9AC7-A35D66BF0682}.Debug|Any CPU.ActiveCfg = Debug|Any CPU
		{A40018A0-B3D8-4EA2-9AC7-A35D66BF0682}.Debug|Any CPU.Build.0 = Debug|Any CPU
		{A40018A0-B3D8-4EA2-9AC7-A35D66BF0682}.Release|Any CPU.ActiveCfg = Release|Any CPU
		{A40018A0-B3D8-4EA2-9AC7-A35D66BF0682}.Release|Any CPU.Build.0 = Release|Any CPU
		{8CCFCA35-240F-4A06-B764-C51BF8D7BEEF}.Debug|Any CPU.ActiveCfg = Debug|Any CPU
		{8CCFCA35-240F-4A06-B764-C51BF8D7BEEF}.Debug|Any CPU.Build.0 = Debug|Any CPU
		{8CCFCA35-240F-4A06-B764-C51BF8D7BEEF}.Release|Any CPU.ActiveCfg = Release|Any CPU
		{8CCFCA35-240F-4A06-B764-C51BF8D7BEEF}.Release|Any CPU.Build.0 = Release|Any CPU
		{B68A51FC-A25D-41AE-AB31-800315D4B880}.Debug|Any CPU.ActiveCfg = Debug|Any CPU
		{B68A51FC-A25D-41AE-AB31-800315D4B880}.Debug|Any CPU.Build.0 = Debug|Any CPU
		{B68A51FC-A25D-41AE-AB31-800315D4B880}.Release|Any CPU.ActiveCfg = Release|Any CPU
		{B68A51FC-A25D-41AE-AB31-800315D4B880}.Release|Any CPU.Build.0 = Release|Any CPU
		{8762C01A-8AE2-458D-B427-384B929422A5}.Debug|Any CPU.ActiveCfg = Debug|Any CPU
		{8762C01A-8AE2-458D-B427-384B929422A5}.Debug|Any CPU.Build.0 = Debug|Any CPU
		{8762C01A-8AE2-458D-B427-384B929422A5}.Release|Any CPU.ActiveCfg = Release|Any CPU
		{8762C01A-8AE2-458D-B427-384B929422A5}.Release|Any CPU.Build.0 = Release|Any CPU
		{4CDCC3C2-D421-D343-B144-FEA3B183836F}.Debug|Any CPU.ActiveCfg = Debug|Any CPU
		{4CDCC3C2-D421-D343-B144-FEA3B183836F}.Debug|Any CPU.Build.0 = Debug|Any CPU
		{4CDCC3C2-D421-D343-B144-FEA3B183836F}.Release|Any CPU.ActiveCfg = Release|Any CPU
		{4CDCC3C2-D421-D343-B144-FEA3B183836F}.Release|Any CPU.Build.0 = Release|Any CPU
		{727BB7E1-0B42-1E42-0C2E-C290C1692B68}.Debug|Any CPU.ActiveCfg = Debug|Any CPU
		{727BB7E1-0B42-1E42-0C2E-C290C1692B68}.Debug|Any CPU.Build.0 = Debug|Any CPU
		{727BB7E1-0B42-1E42-0C2E-C290C1692B68}.Release|Any CPU.ActiveCfg = Release|Any CPU
		{727BB7E1-0B42-1E42-0C2E-C290C1692B68}.Release|Any CPU.Build.0 = Release|Any CPU
	EndGlobalSection
	GlobalSection(SolutionProperties) = preSolution
		HideSolutionNode = FALSE
	EndGlobalSection
	GlobalSection(NestedProjects) = preSolution
		{87822812-9F9E-44B3-A4CF-696AE831F755} = {574CC14C-C12A-4EE6-B870-DB3EEDEDBE73}
		{A40018A0-B3D8-4EA2-9AC7-A35D66BF0682} = {574CC14C-C12A-4EE6-B870-DB3EEDEDBE73}
		{8CCFCA35-240F-4A06-B764-C51BF8D7BEEF} = {574CC14C-C12A-4EE6-B870-DB3EEDEDBE73}
		{B68A51FC-A25D-41AE-AB31-800315D4B880} = {574CC14C-C12A-4EE6-B870-DB3EEDEDBE73}
		{8762C01A-8AE2-458D-B427-384B929422A5} = {DB457BBB-9AC0-4897-AEF3-7D5BA2CC84F8}
		{4CDCC3C2-D421-D343-B144-FEA3B183836F} = {DB457BBB-9AC0-4897-AEF3-7D5BA2CC84F8}
		{727BB7E1-0B42-1E42-0C2E-C290C1692B68} = {DB457BBB-9AC0-4897-AEF3-7D5BA2CC84F8}
	EndGlobalSection
	GlobalSection(ExtensibilityGlobals) = postSolution
		SolutionGuid = {831EFE3E-1185-42BC-BFEE-F10F7B37616C}
	EndGlobalSection
EndGlobal
